// !$*UTF8*$!
{
	archiveVersion = 1;
	classes = {
	};
	objectVersion = 51;
	objects = {

/* Begin PBXBuildFile section */
		A32C0E065BD6EF72CB0ECA07 /* Pods_SwasteMac.framework in Frameworks */ = {isa = PBXBuildFile; fileRef = E90E298E11F5F00D87168515 /* Pods_SwasteMac.framework */; };
		AF7BEC3923238B2800B22883 /* AppDelegate.swift in Sources */ = {isa = PBXBuildFile; fileRef = AF7BEC3823238B2800B22883 /* AppDelegate.swift */; };
		AF7BEC3B23238B2800B22883 /* ViewController.swift in Sources */ = {isa = PBXBuildFile; fileRef = AF7BEC3A23238B2800B22883 /* ViewController.swift */; };
		AF7BEC3D23238B2900B22883 /* Assets.xcassets in Resources */ = {isa = PBXBuildFile; fileRef = AF7BEC3C23238B2900B22883 /* Assets.xcassets */; };
		AF7BEC4023238B2900B22883 /* Main.storyboard in Resources */ = {isa = PBXBuildFile; fileRef = AF7BEC3E23238B2900B22883 /* Main.storyboard */; };
		AF7BEC492323E05B00B22883 /* SocketCommunicator.swift in Sources */ = {isa = PBXBuildFile; fileRef = AF7BEC482323E05B00B22883 /* SocketCommunicator.swift */; };
/* End PBXBuildFile section */

/* Begin PBXFileReference section */
		1836941BFF3750715EBD0C70 /* Pods-SwasteMac.debug.xcconfig */ = {isa = PBXFileReference; includeInIndex = 1; lastKnownFileType = text.xcconfig; name = "Pods-SwasteMac.debug.xcconfig"; path = "Target Support Files/Pods-SwasteMac/Pods-SwasteMac.debug.xcconfig"; sourceTree = "<group>"; };
		AF20240723241C8E0029F392 /* BridgingHeader.h */ = {isa = PBXFileReference; lastKnownFileType = sourcecode.c.h; path = BridgingHeader.h; sourceTree = "<group>"; };
		AF7BEC3523238B2800B22883 /* SwasteMac.app */ = {isa = PBXFileReference; explicitFileType = wrapper.application; includeInIndex = 0; path = SwasteMac.app; sourceTree = BUILT_PRODUCTS_DIR; };
		AF7BEC3823238B2800B22883 /* AppDelegate.swift */ = {isa = PBXFileReference; lastKnownFileType = sourcecode.swift; path = AppDelegate.swift; sourceTree = "<group>"; };
		AF7BEC3A23238B2800B22883 /* ViewController.swift */ = {isa = PBXFileReference; lastKnownFileType = sourcecode.swift; path = ViewController.swift; sourceTree = "<group>"; };
		AF7BEC3C23238B2900B22883 /* Assets.xcassets */ = {isa = PBXFileReference; lastKnownFileType = folder.assetcatalog; path = Assets.xcassets; sourceTree = "<group>"; };
		AF7BEC3F23238B2900B22883 /* Base */ = {isa = PBXFileReference; lastKnownFileType = file.storyboard; name = Base; path = Base.lproj/Main.storyboard; sourceTree = "<group>"; };
		AF7BEC4123238B2900B22883 /* Info.plist */ = {isa = PBXFileReference; lastKnownFileType = text.plist.xml; path = Info.plist; sourceTree = "<group>"; };
		AF7BEC4223238B2900B22883 /* SwasteMac.entitlements */ = {isa = PBXFileReference; lastKnownFileType = text.plist.entitlements; path = SwasteMac.entitlements; sourceTree = "<group>"; };
		AF7BEC482323E05B00B22883 /* SocketCommunicator.swift */ = {isa = PBXFileReference; lastKnownFileType = sourcecode.swift; path = SocketCommunicator.swift; sourceTree = "<group>"; };
		B53A31C9B8842A57AC65A7B7 /* Pods-SwasteMac.release.xcconfig */ = {isa = PBXFileReference; includeInIndex = 1; lastKnownFileType = text.xcconfig; name = "Pods-SwasteMac.release.xcconfig"; path = "Target Support Files/Pods-SwasteMac/Pods-SwasteMac.release.xcconfig"; sourceTree = "<group>"; };
		E90E298E11F5F00D87168515 /* Pods_SwasteMac.framework */ = {isa = PBXFileReference; explicitFileType = wrapper.framework; includeInIndex = 0; path = Pods_SwasteMac.framework; sourceTree = BUILT_PRODUCTS_DIR; };
/* End PBXFileReference section */

/* Begin PBXFrameworksBuildPhase section */
		AF7BEC3223238B2800B22883 /* Frameworks */ = {
			isa = PBXFrameworksBuildPhase;
			buildActionMask = 2147483647;
			files = (
				A32C0E065BD6EF72CB0ECA07 /* Pods_SwasteMac.framework in Frameworks */,
			);
			runOnlyForDeploymentPostprocessing = 0;
		};
/* End PBXFrameworksBuildPhase section */

/* Begin PBXGroup section */
		AF7BEC2C23238B2800B22883 = {
			isa = PBXGroup;
			children = (
				AF7BEC3723238B2800B22883 /* SwasteMac */,
				AF7BEC3623238B2800B22883 /* Products */,
				CA500ADD2C43E180C3D5EA2B /* Pods */,
				C2D514F6F84B53CE655D8E94 /* Frameworks */,
			);
			sourceTree = "<group>";
		};
		AF7BEC3623238B2800B22883 /* Products */ = {
			isa = PBXGroup;
			children = (
				AF7BEC3523238B2800B22883 /* SwasteMac.app */,
			);
			name = Products;
			sourceTree = "<group>";
		};
		AF7BEC3723238B2800B22883 /* SwasteMac */ = {
			isa = PBXGroup;
			children = (
				AF7BEC3823238B2800B22883 /* AppDelegate.swift */,
				AF7BEC3A23238B2800B22883 /* ViewController.swift */,
				AF7BEC482323E05B00B22883 /* SocketCommunicator.swift */,
				AF20240723241C8E0029F392 /* BridgingHeader.h */,
				AF7BEC3C23238B2900B22883 /* Assets.xcassets */,
				AF7BEC3E23238B2900B22883 /* Main.storyboard */,
				AF7BEC4123238B2900B22883 /* Info.plist */,
				AF7BEC4223238B2900B22883 /* SwasteMac.entitlements */,
			);
			path = SwasteMac;
			sourceTree = "<group>";
		};
		C2D514F6F84B53CE655D8E94 /* Frameworks */ = {
			isa = PBXGroup;
			children = (
				E90E298E11F5F00D87168515 /* Pods_SwasteMac.framework */,
			);
			name = Frameworks;
			sourceTree = "<group>";
		};
		CA500ADD2C43E180C3D5EA2B /* Pods */ = {
			isa = PBXGroup;
			children = (
				1836941BFF3750715EBD0C70 /* Pods-SwasteMac.debug.xcconfig */,
				B53A31C9B8842A57AC65A7B7 /* Pods-SwasteMac.release.xcconfig */,
			);
			path = Pods;
			sourceTree = "<group>";
		};
/* End PBXGroup section */

/* Begin PBXNativeTarget section */
		AF7BEC3423238B2800B22883 /* SwasteMac */ = {
			isa = PBXNativeTarget;
			buildConfigurationList = AF7BEC4523238B2900B22883 /* Build configuration list for PBXNativeTarget "SwasteMac" */;
			buildPhases = (
				8D2104F37A76AC98773367C8 /* [CP] Check Pods Manifest.lock */,
				AF7BEC3123238B2800B22883 /* Sources */,
				AF7BEC3223238B2800B22883 /* Frameworks */,
				AF7BEC3323238B2800B22883 /* Resources */,
				1388E62A11E0417229D3EFD3 /* [CP] Embed Pods Frameworks */,
			);
			buildRules = (
			);
			dependencies = (
			);
			name = SwasteMac;
			productName = SwasteMac;
			productReference = AF7BEC3523238B2800B22883 /* SwasteMac.app */;
			productType = "com.apple.product-type.application";
		};
/* End PBXNativeTarget section */

/* Begin PBXProject section */
		AF7BEC2D23238B2800B22883 /* Project object */ = {
			isa = PBXProject;
			attributes = {
				LastSwiftUpdateCheck = 1100;
				LastUpgradeCheck = 1100;
				ORGANIZATIONNAME = "Brian Lin";
				TargetAttributes = {
					AF7BEC3423238B2800B22883 = {
						CreatedOnToolsVersion = 11.0;
					};
				};
			};
			buildConfigurationList = AF7BEC3023238B2800B22883 /* Build configuration list for PBXProject "SwasteMac" */;
			compatibilityVersion = "Xcode 9.3";
			developmentRegion = en;
			hasScannedForEncodings = 0;
			knownRegions = (
				en,
				Base,
			);
			mainGroup = AF7BEC2C23238B2800B22883;
			productRefGroup = AF7BEC3623238B2800B22883 /* Products */;
			projectDirPath = "";
			projectRoot = "";
			targets = (
				AF7BEC3423238B2800B22883 /* SwasteMac */,
			);
		};
/* End PBXProject section */

/* Begin PBXResourcesBuildPhase section */
		AF7BEC3323238B2800B22883 /* Resources */ = {
			isa = PBXResourcesBuildPhase;
			buildActionMask = 2147483647;
			files = (
				AF7BEC3D23238B2900B22883 /* Assets.xcassets in Resources */,
				AF7BEC4023238B2900B22883 /* Main.storyboard in Resources */,
			);
			runOnlyForDeploymentPostprocessing = 0;
		};
/* End PBXResourcesBuildPhase section */

/* Begin PBXShellScriptBuildPhase section */
		1388E62A11E0417229D3EFD3 /* [CP] Embed Pods Frameworks */ = {
			isa = PBXShellScriptBuildPhase;
			buildActionMask = 2147483647;
			files = (
			);
			inputFileListPaths = (
				"${PODS_ROOT}/Target Support Files/Pods-SwasteMac/Pods-SwasteMac-frameworks-${CONFIGURATION}-input-files.xcfilelist",
			);
			name = "[CP] Embed Pods Frameworks";
			outputFileListPaths = (
				"${PODS_ROOT}/Target Support Files/Pods-SwasteMac/Pods-SwasteMac-frameworks-${CONFIGURATION}-output-files.xcfilelist",
			);
			runOnlyForDeploymentPostprocessing = 0;
			shellPath = /bin/sh;
			shellScript = "\"${PODS_ROOT}/Target Support Files/Pods-SwasteMac/Pods-SwasteMac-frameworks.sh\"\n";
			showEnvVarsInLog = 0;
		};
		8D2104F37A76AC98773367C8 /* [CP] Check Pods Manifest.lock */ = {
			isa = PBXShellScriptBuildPhase;
			buildActionMask = 2147483647;
			files = (
			);
			inputFileListPaths = (
			);
			inputPaths = (
				"${PODS_PODFILE_DIR_PATH}/Podfile.lock",
				"${PODS_ROOT}/Manifest.lock",
			);
			name = "[CP] Check Pods Manifest.lock";
			outputFileListPaths = (
			);
			outputPaths = (
				"$(DERIVED_FILE_DIR)/Pods-SwasteMac-checkManifestLockResult.txt",
			);
			runOnlyForDeploymentPostprocessing = 0;
			shellPath = /bin/sh;
			shellScript = "diff \"${PODS_PODFILE_DIR_PATH}/Podfile.lock\" \"${PODS_ROOT}/Manifest.lock\" > /dev/null\nif [ $? != 0 ] ; then\n    # print error to STDERR\n    echo \"error: The sandbox is not in sync with the Podfile.lock. Run 'pod install' or update your CocoaPods installation.\" >&2\n    exit 1\nfi\n# This output is used by Xcode 'outputs' to avoid re-running this script phase.\necho \"SUCCESS\" > \"${SCRIPT_OUTPUT_FILE_0}\"\n";
			showEnvVarsInLog = 0;
		};
/* End PBXShellScriptBuildPhase section */

/* Begin PBXSourcesBuildPhase section */
		AF7BEC3123238B2800B22883 /* Sources */ = {
			isa = PBXSourcesBuildPhase;
			buildActionMask = 2147483647;
			files = (
				AF7BEC492323E05B00B22883 /* SocketCommunicator.swift in Sources */,
				AF7BEC3B23238B2800B22883 /* ViewController.swift in Sources */,
				AF7BEC3923238B2800B22883 /* AppDelegate.swift in Sources */,
			);
			runOnlyForDeploymentPostprocessing = 0;
		};
/* End PBXSourcesBuildPhase section */

/* Begin PBXVariantGroup section */
		AF7BEC3E23238B2900B22883 /* Main.storyboard */ = {
			isa = PBXVariantGroup;
			children = (
				AF7BEC3F23238B2900B22883 /* Base */,
			);
			name = Main.storyboard;
			sourceTree = "<group>";
		};
/* End PBXVariantGroup section */

/* Begin XCBuildConfiguration section */
		AF7BEC4323238B2900B22883 /* Debug */ = {
			isa = XCBuildConfiguration;
			buildSettings = {
				ALWAYS_SEARCH_USER_PATHS = NO;
				CLANG_ANALYZER_NONNULL = YES;
				CLANG_ANALYZER_NUMBER_OBJECT_CONVERSION = YES_AGGRESSIVE;
				CLANG_CXX_LANGUAGE_STANDARD = "gnu++14";
				CLANG_CXX_LIBRARY = "libc++";
				CLANG_ENABLE_MODULES = YES;
				CLANG_ENABLE_OBJC_ARC = YES;
				CLANG_ENABLE_OBJC_WEAK = YES;
				CLANG_WARN_BLOCK_CAPTURE_AUTORELEASING = YES;
				CLANG_WARN_BOOL_CONVERSION = YES;
				CLANG_WARN_COMMA = YES;
				CLANG_WARN_CONSTANT_CONVERSION = YES;
				CLANG_WARN_DEPRECATED_OBJC_IMPLEMENTATIONS = YES;
				CLANG_WARN_DIRECT_OBJC_ISA_USAGE = YES_ERROR;
				CLANG_WARN_DOCUMENTATION_COMMENTS = YES;
				CLANG_WARN_EMPTY_BODY = YES;
				CLANG_WARN_ENUM_CONVERSION = YES;
				CLANG_WARN_INFINITE_RECURSION = YES;
				CLANG_WARN_INT_CONVERSION = YES;
				CLANG_WARN_NON_LITERAL_NULL_CONVERSION = YES;
				CLANG_WARN_OBJC_IMPLICIT_RETAIN_SELF = YES;
				CLANG_WARN_OBJC_LITERAL_CONVERSION = YES;
				CLANG_WARN_OBJC_ROOT_CLASS = YES_ERROR;
				CLANG_WARN_RANGE_LOOP_ANALYSIS = YES;
				CLANG_WARN_STRICT_PROTOTYPES = YES;
				CLANG_WARN_SUSPICIOUS_MOVE = YES;
				CLANG_WARN_UNGUARDED_AVAILABILITY = YES_AGGRESSIVE;
				CLANG_WARN_UNREACHABLE_CODE = YES;
				CLANG_WARN__DUPLICATE_METHOD_MATCH = YES;
				COPY_PHASE_STRIP = NO;
				DEBUG_INFORMATION_FORMAT = dwarf;
				ENABLE_STRICT_OBJC_MSGSEND = YES;
				ENABLE_TESTABILITY = YES;
				GCC_C_LANGUAGE_STANDARD = gnu11;
				GCC_DYNAMIC_NO_PIC = NO;
				GCC_NO_COMMON_BLOCKS = YES;
				GCC_OPTIMIZATION_LEVEL = 0;
				GCC_PREPROCESSOR_DEFINITIONS = (
					"DEBUG=1",
					"$(inherited)",
				);
				GCC_WARN_64_TO_32_BIT_CONVERSION = YES;
				GCC_WARN_ABOUT_RETURN_TYPE = YES_ERROR;
				GCC_WARN_UNDECLARED_SELECTOR = YES;
				GCC_WARN_UNINITIALIZED_AUTOS = YES_AGGRESSIVE;
				GCC_WARN_UNUSED_FUNCTION = YES;
				GCC_WARN_UNUSED_VARIABLE = YES;
				MACOSX_DEPLOYMENT_TARGET = 10.15;
				MTL_ENABLE_DEBUG_INFO = INCLUDE_SOURCE;
				MTL_FAST_MATH = YES;
				ONLY_ACTIVE_ARCH = YES;
				SDKROOT = macosx;
				SWIFT_ACTIVE_COMPILATION_CONDITIONS = DEBUG;
				SWIFT_OPTIMIZATION_LEVEL = "-Onone";
			};
			name = Debug;
		};
		AF7BEC4423238B2900B22883 /* Release */ = {
			isa = XCBuildConfiguration;
			buildSettings = {
				ALWAYS_SEARCH_USER_PATHS = NO;
				CLANG_ANALYZER_NONNULL = YES;
				CLANG_ANALYZER_NUMBER_OBJECT_CONVERSION = YES_AGGRESSIVE;
				CLANG_CXX_LANGUAGE_STANDARD = "gnu++14";
				CLANG_CXX_LIBRARY = "libc++";
				CLANG_ENABLE_MODULES = YES;
				CLANG_ENABLE_OBJC_ARC = YES;
				CLANG_ENABLE_OBJC_WEAK = YES;
				CLANG_WARN_BLOCK_CAPTURE_AUTORELEASING = YES;
				CLANG_WARN_BOOL_CONVERSION = YES;
				CLANG_WARN_COMMA = YES;
				CLANG_WARN_CONSTANT_CONVERSION = YES;
				CLANG_WARN_DEPRECATED_OBJC_IMPLEMENTATIONS = YES;
				CLANG_WARN_DIRECT_OBJC_ISA_USAGE = YES_ERROR;
				CLANG_WARN_DOCUMENTATION_COMMENTS = YES;
				CLANG_WARN_EMPTY_BODY = YES;
				CLANG_WARN_ENUM_CONVERSION = YES;
				CLANG_WARN_INFINITE_RECURSION = YES;
				CLANG_WARN_INT_CONVERSION = YES;
				CLANG_WARN_NON_LITERAL_NULL_CONVERSION = YES;
				CLANG_WARN_OBJC_IMPLICIT_RETAIN_SELF = YES;
				CLANG_WARN_OBJC_LITERAL_CONVERSION = YES;
				CLANG_WARN_OBJC_ROOT_CLASS = YES_ERROR;
				CLANG_WARN_RANGE_LOOP_ANALYSIS = YES;
				CLANG_WARN_STRICT_PROTOTYPES = YES;
				CLANG_WARN_SUSPICIOUS_MOVE = YES;
				CLANG_WARN_UNGUARDED_AVAILABILITY = YES_AGGRESSIVE;
				CLANG_WARN_UNREACHABLE_CODE = YES;
				CLANG_WARN__DUPLICATE_METHOD_MATCH = YES;
				COPY_PHASE_STRIP = NO;
				DEBUG_INFORMATION_FORMAT = "dwarf-with-dsym";
				ENABLE_NS_ASSERTIONS = NO;
				ENABLE_STRICT_OBJC_MSGSEND = YES;
				GCC_C_LANGUAGE_STANDARD = gnu11;
				GCC_NO_COMMON_BLOCKS = YES;
				GCC_WARN_64_TO_32_BIT_CONVERSION = YES;
				GCC_WARN_ABOUT_RETURN_TYPE = YES_ERROR;
				GCC_WARN_UNDECLARED_SELECTOR = YES;
				GCC_WARN_UNINITIALIZED_AUTOS = YES_AGGRESSIVE;
				GCC_WARN_UNUSED_FUNCTION = YES;
				GCC_WARN_UNUSED_VARIABLE = YES;
				MACOSX_DEPLOYMENT_TARGET = 10.15;
				MTL_ENABLE_DEBUG_INFO = NO;
				MTL_FAST_MATH = YES;
				SDKROOT = macosx;
				SWIFT_COMPILATION_MODE = wholemodule;
				SWIFT_OPTIMIZATION_LEVEL = "-O";
			};
			name = Release;
		};
		AF7BEC4623238B2900B22883 /* Debug */ = {
			isa = XCBuildConfiguration;
			baseConfigurationReference = 1836941BFF3750715EBD0C70 /* Pods-SwasteMac.debug.xcconfig */;
			buildSettings = {
				ASSETCATALOG_COMPILER_APPICON_NAME = AppIcon;
				CODE_SIGN_ENTITLEMENTS = SwasteMac/SwasteMac.entitlements;
				CODE_SIGN_STYLE = Automatic;
				COMBINE_HIDPI_IMAGES = YES;
				DEVELOPMENT_TEAM = TY684T7BUD;
				ENABLE_HARDENED_RUNTIME = YES;
				INFOPLIST_FILE = SwasteMac/Info.plist;
				LD_RUNPATH_SEARCH_PATHS = (
					"$(inherited)",
					"@executable_path/../Frameworks",
				);
				MACOSX_DEPLOYMENT_TARGET = 10.14;
				PRODUCT_BUNDLE_IDENTIFIER = com.brianlin.SwasteMac;
				PRODUCT_NAME = "$(TARGET_NAME)";
				SWIFT_OBJC_BRIDGING_HEADER = /Users/brianlin/Documents/Projects/swaste/SwasteMac/SwasteMac/BridgingHeader.h;
				SWIFT_VERSION = 5.0;
			};
			name = Debug;
		};
		AF7BEC4723238B2900B22883 /* Release */ = {
			isa = XCBuildConfiguration;
			baseConfigurationReference = B53A31C9B8842A57AC65A7B7 /* Pods-SwasteMac.release.xcconfig */;
			buildSettings = {
				ASSETCATALOG_COMPILER_APPICON_NAME = AppIcon;
				CODE_SIGN_ENTITLEMENTS = SwasteMac/SwasteMac.entitlements;
				CODE_SIGN_STYLE = Automatic;
				COMBINE_HIDPI_IMAGES = YES;
				DEVELOPMENT_TEAM = TY684T7BUD;
				ENABLE_HARDENED_RUNTIME = YES;
				INFOPLIST_FILE = SwasteMac/Info.plist;
				LD_RUNPATH_SEARCH_PATHS = (
					"$(inherited)",
					"@executable_path/../Frameworks",
				);
				MACOSX_DEPLOYMENT_TARGET = 10.14;
				PRODUCT_BUNDLE_IDENTIFIER = com.brianlin.SwasteMac;
				PRODUCT_NAME = "$(TARGET_NAME)";
				SWIFT_OBJC_BRIDGING_HEADER = /Users/brianlin/Documents/Projects/swaste/SwasteMac/SwasteMac/BridgingHeader.h;
				SWIFT_VERSION = 5.0;
			};
			name = Release;
		};
/* End XCBuildConfiguration section */

/* Begin XCConfigurationList section */
		AF7BEC3023238B2800B22883 /* Build configuration list for PBXProject "SwasteMac" */ = {
			isa = XCConfigurationList;
			buildConfigurations = (
				AF7BEC4323238B2900B22883 /* Debug */,
				AF7BEC4423238B2900B22883 /* Release */,
			);
			defaultConfigurationIsVisible = 0;
			defaultConfigurationName = Release;
		};
		AF7BEC4523238B2900B22883 /* Build configuration list for PBXNativeTarget "SwasteMac" */ = {
			isa = XCConfigurationList;
			buildConfigurations = (
				AF7BEC4623238B2900B22883 /* Debug */,
				AF7BEC4723238B2900B22883 /* Release */,
			);
			defaultConfigurationIsVisible = 0;
			defaultConfigurationName = Release;
		};
/* End XCConfigurationList section */
	};
	rootObject = AF7BEC2D23238B2800B22883 /* Project object */;
}
